// !$*UTF8*$!
{
	archiveVersion = 1;
	classes = {
	};
	objectVersion = 50;
	objects = {

/* Begin PBXBuildFile section */
		7D6FA6FE23EB9F85005271C2 /* AppDelegate.swift in Sources */ = {isa = PBXBuildFile; fileRef = 7D6FA6FD23EB9F85005271C2 /* AppDelegate.swift */; };
		7D6FA70023EB9F85005271C2 /* SceneDelegate.swift in Sources */ = {isa = PBXBuildFile; fileRef = 7D6FA6FF23EB9F85005271C2 /* SceneDelegate.swift */; };
		7D6FA70223EB9F85005271C2 /* ViewController.swift in Sources */ = {isa = PBXBuildFile; fileRef = 7D6FA70123EB9F85005271C2 /* ViewController.swift */; };
		7D6FA70523EB9F85005271C2 /* Main.storyboard in Resources */ = {isa = PBXBuildFile; fileRef = 7D6FA70323EB9F85005271C2 /* Main.storyboard */; };
		7D6FA70723EB9F89005271C2 /* Assets.xcassets in Resources */ = {isa = PBXBuildFile; fileRef = 7D6FA70623EB9F89005271C2 /* Assets.xcassets */; };
		7D6FA70A23EB9F89005271C2 /* LaunchScreen.storyboard in Resources */ = {isa = PBXBuildFile; fileRef = 7D6FA70823EB9F89005271C2 /* LaunchScreen.storyboard */; };
		7D6FA71523EB9F8A005271C2 /* BMIcalcTests.swift in Sources */ = {isa = PBXBuildFile; fileRef = 7D6FA71423EB9F8A005271C2 /* BMIcalcTests.swift */; };
		7D6FA72023EB9F8A005271C2 /* BMIcalcUITests.swift in Sources */ = {isa = PBXBuildFile; fileRef = 7D6FA71F23EB9F8A005271C2 /* BMIcalcUITests.swift */; };
/* End PBXBuildFile section */

/* Begin PBXContainerItemProxy section */
		7D6FA71123EB9F8A005271C2 /* PBXContainerItemProxy */ = {
			isa = PBXContainerItemProxy;
			containerPortal = 7D6FA6F223EB9F85005271C2 /* Project object */;
			proxyType = 1;
			remoteGlobalIDString = 7D6FA6F923EB9F85005271C2;
			remoteInfo = BMIcalc;
		};
		7D6FA71C23EB9F8A005271C2 /* PBXContainerItemProxy */ = {
			isa = PBXContainerItemProxy;
			containerPortal = 7D6FA6F223EB9F85005271C2 /* Project object */;
			proxyType = 1;
			remoteGlobalIDString = 7D6FA6F923EB9F85005271C2;
			remoteInfo = BMIcalc;
		};
/* End PBXContainerItemProxy section */

/* Begin PBXFileReference section */
		7D6FA6FA23EB9F85005271C2 /* BMIcalc.app */ = {isa = PBXFileReference; explicitFileType = wrapper.application; includeInIndex = 0; path = BMIcalc.app; sourceTree = BUILT_PRODUCTS_DIR; };
		7D6FA6FD23EB9F85005271C2 /* AppDelegate.swift */ = {isa = PBXFileReference; lastKnownFileType = sourcecode.swift; path = AppDelegate.swift; sourceTree = "<group>"; };
		7D6FA6FF23EB9F85005271C2 /* SceneDelegate.swift */ = {isa = PBXFileReference; lastKnownFileType = sourcecode.swift; path = SceneDelegate.swift; sourceTree = "<group>"; };
		7D6FA70123EB9F85005271C2 /* ViewController.swift */ = {isa = PBXFileReference; lastKnownFileType = sourcecode.swift; path = ViewController.swift; sourceTree = "<group>"; };
		7D6FA70423EB9F85005271C2 /* Base */ = {isa = PBXFileReference; lastKnownFileType = file.storyboard; name = Base; path = Base.lproj/Main.storyboard; sourceTree = "<group>"; };
		7D6FA70623EB9F89005271C2 /* Assets.xcassets */ = {isa = PBXFileReference; lastKnownFileType = folder.assetcatalog; path = Assets.xcassets; sourceTree = "<group>"; };
		7D6FA70923EB9F89005271C2 /* Base */ = {isa = PBXFileReference; lastKnownFileType = file.storyboard; name = Base; path = Base.lproj/LaunchScreen.storyboard; sourceTree = "<group>"; };
		7D6FA70B23EB9F89005271C2 /* Info.plist */ = {isa = PBXFileReference; lastKnownFileType = text.plist.xml; path = Info.plist; sourceTree = "<group>"; };
		7D6FA71023EB9F8A005271C2 /* BMIcalcTests.xctest */ = {isa = PBXFileReference; explicitFileType = wrapper.cfbundle; includeInIndex = 0; path = BMIcalcTests.xctest; sourceTree = BUILT_PRODUCTS_DIR; };
		7D6FA71423EB9F8A005271C2 /* BMIcalcTests.swift */ = {isa = PBXFileReference; lastKnownFileType = sourcecode.swift; path = BMIcalcTests.swift; sourceTree = "<group>"; };
		7D6FA71623EB9F8A005271C2 /* Info.plist */ = {isa = PBXFileReference; lastKnownFileType = text.plist.xml; path = Info.plist; sourceTree = "<group>"; };
		7D6FA71B23EB9F8A005271C2 /* BMIcalcUITests.xctest */ = {isa = PBXFileReference; explicitFileType = wrapper.cfbundle; includeInIndex = 0; path = BMIcalcUITests.xctest; sourceTree = BUILT_PRODUCTS_DIR; };
		7D6FA71F23EB9F8A005271C2 /* BMIcalcUITests.swift */ = {isa = PBXFileReference; lastKnownFileType = sourcecode.swift; path = BMIcalcUITests.swift; sourceTree = "<group>"; };
		7D6FA72123EB9F8A005271C2 /* Info.plist */ = {isa = PBXFileReference; lastKnownFileType = text.plist.xml; path = Info.plist; sourceTree = "<group>"; };
/* End PBXFileReference section */

/* Begin PBXFrameworksBuildPhase section */
		7D6FA6F723EB9F85005271C2 /* Frameworks */ = {
			isa = PBXFrameworksBuildPhase;
			buildActionMask = 2147483647;
			files = (
			);
			runOnlyForDeploymentPostprocessing = 0;
		};
		7D6FA70D23EB9F8A005271C2 /* Frameworks */ = {
			isa = PBXFrameworksBuildPhase;
			buildActionMask = 2147483647;
			files = (
			);
			runOnlyForDeploymentPostprocessing = 0;
		};
		7D6FA71823EB9F8A005271C2 /* Frameworks */ = {
			isa = PBXFrameworksBuildPhase;
			buildActionMask = 2147483647;
			files = (
			);
			runOnlyForDeploymentPostprocessing = 0;
		};
/* End PBXFrameworksBuildPhase section */

/* Begin PBXGroup section */
		7D6FA6F123EB9F85005271C2 = {
			isa = PBXGroup;
			children = (
				7D6FA6FC23EB9F85005271C2 /* BMIcalc */,
				7D6FA71323EB9F8A005271C2 /* BMIcalcTests */,
				7D6FA71E23EB9F8A005271C2 /* BMIcalcUITests */,
				7D6FA6FB23EB9F85005271C2 /* Products */,
			);
			sourceTree = "<group>";
		};
		7D6FA6FB23EB9F85005271C2 /* Products */ = {
			isa = PBXGroup;
			children = (
				7D6FA6FA23EB9F85005271C2 /* BMIcalc.app */,
				7D6FA71023EB9F8A005271C2 /* BMIcalcTests.xctest */,
				7D6FA71B23EB9F8A005271C2 /* BMIcalcUITests.xctest */,
			);
			name = Products;
			sourceTree = "<group>";
		};
		7D6FA6FC23EB9F85005271C2 /* BMIcalc */ = {
			isa = PBXGroup;
			children = (
				7D6FA6FD23EB9F85005271C2 /* AppDelegate.swift */,
				7D6FA6FF23EB9F85005271C2 /* SceneDelegate.swift */,
				7D6FA70123EB9F85005271C2 /* ViewController.swift */,
				7D6FA70323EB9F85005271C2 /* Main.storyboard */,
				7D6FA70623EB9F89005271C2 /* Assets.xcassets */,
				7D6FA70823EB9F89005271C2 /* LaunchScreen.storyboard */,
				7D6FA70B23EB9F89005271C2 /* Info.plist */,
			);
			path = BMIcalc;
			sourceTree = "<group>";
		};
		7D6FA71323EB9F8A005271C2 /* BMIcalcTests */ = {
			isa = PBXGroup;
			children = (
				7D6FA71423EB9F8A005271C2 /* BMIcalcTests.swift */,
				7D6FA71623EB9F8A005271C2 /* Info.plist */,
			);
			path = BMIcalcTests;
			sourceTree = "<group>";
		};
		7D6FA71E23EB9F8A005271C2 /* BMIcalcUITests */ = {
			isa = PBXGroup;
			children = (
				7D6FA71F23EB9F8A005271C2 /* BMIcalcUITests.swift */,
				7D6FA72123EB9F8A005271C2 /* Info.plist */,
			);
			path = BMIcalcUITests;
			sourceTree = "<group>";
		};
/* End PBXGroup section */

/* Begin PBXNativeTarget section */
		7D6FA6F923EB9F85005271C2 /* BMIcalc */ = {
			isa = PBXNativeTarget;
			buildConfigurationList = 7D6FA72423EB9F8A005271C2 /* Build configuration list for PBXNativeTarget "BMIcalc" */;
			buildPhases = (
				7D6FA6F623EB9F85005271C2 /* Sources */,
				7D6FA6F723EB9F85005271C2 /* Frameworks */,
				7D6FA6F823EB9F85005271C2 /* Resources */,
			);
			buildRules = (
			);
			dependencies = (
			);
			name = BMIcalc;
			productName = BMIcalc;
			productReference = 7D6FA6FA23EB9F85005271C2 /* BMIcalc.app */;
			productType = "com.apple.product-type.application";
		};
		7D6FA70F23EB9F8A005271C2 /* BMIcalcTests */ = {
			isa = PBXNativeTarget;
			buildConfigurationList = 7D6FA72723EB9F8A005271C2 /* Build configuration list for PBXNativeTarget "BMIcalcTests" */;
			buildPhases = (
				7D6FA70C23EB9F8A005271C2 /* Sources */,
				7D6FA70D23EB9F8A005271C2 /* Frameworks */,
				7D6FA70E23EB9F8A005271C2 /* Resources */,
			);
			buildRules = (
			);
			dependencies = (
				7D6FA71223EB9F8A005271C2 /* PBXTargetDependency */,
			);
			name = BMIcalcTests;
			productName = BMIcalcTests;
			productReference = 7D6FA71023EB9F8A005271C2 /* BMIcalcTests.xctest */;
			productType = "com.apple.product-type.bundle.unit-test";
		};
		7D6FA71A23EB9F8A005271C2 /* BMIcalcUITests */ = {
			isa = PBXNativeTarget;
			buildConfigurationList = 7D6FA72A23EB9F8A005271C2 /* Build configuration list for PBXNativeTarget "BMIcalcUITests" */;
			buildPhases = (
				7D6FA71723EB9F8A005271C2 /* Sources */,
				7D6FA71823EB9F8A005271C2 /* Frameworks */,
				7D6FA71923EB9F8A005271C2 /* Resources */,
			);
			buildRules = (
			);
			dependencies = (
				7D6FA71D23EB9F8A005271C2 /* PBXTargetDependency */,
			);
			name = BMIcalcUITests;
			productName = BMIcalcUITests;
			productReference = 7D6FA71B23EB9F8A005271C2 /* BMIcalcUITests.xctest */;
			productType = "com.apple.product-type.bundle.ui-testing";
		};
/* End PBXNativeTarget section */

/* Begin PBXProject section */
		7D6FA6F223EB9F85005271C2 /* Project object */ = {
			isa = PBXProject;
			attributes = {
				LastSwiftUpdateCheck = 1130;
				LastUpgradeCheck = 1130;
				ORGANIZATIONNAME = "北原義久";
				TargetAttributes = {
					7D6FA6F923EB9F85005271C2 = {
						CreatedOnToolsVersion = 11.3.1;
					};
					7D6FA70F23EB9F8A005271C2 = {
						CreatedOnToolsVersion = 11.3.1;
						TestTargetID = 7D6FA6F923EB9F85005271C2;
					};
					7D6FA71A23EB9F8A005271C2 = {
						CreatedOnToolsVersion = 11.3.1;
						TestTargetID = 7D6FA6F923EB9F85005271C2;
					};
				};
			};
			buildConfigurationList = 7D6FA6F523EB9F85005271C2 /* Build configuration list for PBXProject "BMIcalc" */;
			compatibilityVersion = "Xcode 9.3";
			developmentRegion = en;
			hasScannedForEncodings = 0;
			knownRegions = (
				en,
				Base,
			);
			mainGroup = 7D6FA6F123EB9F85005271C2;
			productRefGroup = 7D6FA6FB23EB9F85005271C2 /* Products */;
			projectDirPath = "";
			projectRoot = "";
			targets = (
				7D6FA6F923EB9F85005271C2 /* BMIcalc */,
				7D6FA70F23EB9F8A005271C2 /* BMIcalcTests */,
				7D6FA71A23EB9F8A005271C2 /* BMIcalcUITests */,
			);
		};
/* End PBXProject section */

/* Begin PBXResourcesBuildPhase section */
		7D6FA6F823EB9F85005271C2 /* Resources */ = {
			isa = PBXResourcesBuildPhase;
			buildActionMask = 2147483647;
			files = (
				7D6FA70A23EB9F89005271C2 /* LaunchScreen.storyboard in Resources */,
				7D6FA70723EB9F89005271C2 /* Assets.xcassets in Resources */,
				7D6FA70523EB9F85005271C2 /* Main.storyboard in Resources */,
			);
			runOnlyForDeploymentPostprocessing = 0;
		};
		7D6FA70E23EB9F8A005271C2 /* Resources */ = {
			isa = PBXResourcesBuildPhase;
			buildActionMask = 2147483647;
			files = (
			);
			runOnlyForDeploymentPostprocessing = 0;
		};
		7D6FA71923EB9F8A005271C2 /* Resources */ = {
			isa = PBXResourcesBuildPhase;
			buildActionMask = 2147483647;
			files = (
			);
			runOnlyForDeploymentPostprocessing = 0;
		};
/* End PBXResourcesBuildPhase section */

/* Begin PBXSourcesBuildPhase section */
		7D6FA6F623EB9F85005271C2 /* Sources */ = {
			isa = PBXSourcesBuildPhase;
			buildActionMask = 2147483647;
			files = (
				7D6FA70223EB9F85005271C2 /* ViewController.swift in Sources */,
				7D6FA6FE23EB9F85005271C2 /* AppDelegate.swift in Sources */,
				7D6FA70023EB9F85005271C2 /* SceneDelegate.swift in Sources */,
			);
			runOnlyForDeploymentPostprocessing = 0;
		};
		7D6FA70C23EB9F8A005271C2 /* Sources */ = {
			isa = PBXSourcesBuildPhase;
			buildActionMask = 2147483647;
			files = (
				7D6FA71523EB9F8A005271C2 /* BMIcalcTests.swift in Sources */,
			);
			runOnlyForDeploymentPostprocessing = 0;
		};
		7D6FA71723EB9F8A005271C2 /* Sources */ = {
			isa = PBXSourcesBuildPhase;
			buildActionMask = 2147483647;
			files = (
				7D6FA72023EB9F8A005271C2 /* BMIcalcUITests.swift in Sources */,
			);
			runOnlyForDeploymentPostprocessing = 0;
		};
/* End PBXSourcesBuildPhase section */

/* Begin PBXTargetDependency section */
		7D6FA71223EB9F8A005271C2 /* PBXTargetDependency */ = {
			isa = PBXTargetDependency;
			target = 7D6FA6F923EB9F85005271C2 /* BMIcalc */;
			targetProxy = 7D6FA71123EB9F8A005271C2 /* PBXContainerItemProxy */;
		};
		7D6FA71D23EB9F8A005271C2 /* PBXTargetDependency */ = {
			isa = PBXTargetDependency;
			target = 7D6FA6F923EB9F85005271C2 /* BMIcalc */;
			targetProxy = 7D6FA71C23EB9F8A005271C2 /* PBXContainerItemProxy */;
		};
/* End PBXTargetDependency section */

/* Begin PBXVariantGroup section */
		7D6FA70323EB9F85005271C2 /* Main.storyboard */ = {
			isa = PBXVariantGroup;
			children = (
				7D6FA70423EB9F85005271C2 /* Base */,
			);
			name = Main.storyboard;
			sourceTree = "<group>";
		};
		7D6FA70823EB9F89005271C2 /* LaunchScreen.storyboard */ = {
			isa = PBXVariantGroup;
			children = (
				7D6FA70923EB9F89005271C2 /* Base */,
			);
			name = LaunchScreen.storyboard;
			sourceTree = "<group>";
		};
/* End PBXVariantGroup section */

/* Begin XCBuildConfiguration section */
		7D6FA72223EB9F8A005271C2 /* Debug */ = {
			isa = XCBuildConfiguration;
			buildSettings = {
				ALWAYS_SEARCH_USER_PATHS = NO;
				CLANG_ANALYZER_NONNULL = YES;
				CLANG_ANALYZER_NUMBER_OBJECT_CONVERSION = YES_AGGRESSIVE;
				CLANG_CXX_LANGUAGE_STANDARD = "gnu++14";
				CLANG_CXX_LIBRARY = "libc++";
				CLANG_ENABLE_MODULES = YES;
				CLANG_ENABLE_OBJC_ARC = YES;
				CLANG_ENABLE_OBJC_WEAK = YES;
				CLANG_WARN_BLOCK_CAPTURE_AUTORELEASING = YES;
				CLANG_WARN_BOOL_CONVERSION = YES;
				CLANG_WARN_COMMA = YES;
				CLANG_WARN_CONSTANT_CONVERSION = YES;
				CLANG_WARN_DEPRECATED_OBJC_IMPLEMENTATIONS = YES;
				CLANG_WARN_DIRECT_OBJC_ISA_USAGE = YES_ERROR;
				CLANG_WARN_DOCUMENTATION_COMMENTS = YES;
				CLANG_WARN_EMPTY_BODY = YES;
				CLANG_WARN_ENUM_CONVERSION = YES;
				CLANG_WARN_INFINITE_RECURSION = YES;
				CLANG_WARN_INT_CONVERSION = YES;
				CLANG_WARN_NON_LITERAL_NULL_CONVERSION = YES;
				CLANG_WARN_OBJC_IMPLICIT_RETAIN_SELF = YES;
				CLANG_WARN_OBJC_LITERAL_CONVERSION = YES;
				CLANG_WARN_OBJC_ROOT_CLASS = YES_ERROR;
				CLANG_WARN_RANGE_LOOP_ANALYSIS = YES;
				CLANG_WARN_STRICT_PROTOTYPES = YES;
				CLANG_WARN_SUSPICIOUS_MOVE = YES;
				CLANG_WARN_UNGUARDED_AVAILABILITY = YES_AGGRESSIVE;
				CLANG_WARN_UNREACHABLE_CODE = YES;
				CLANG_WARN__DUPLICATE_METHOD_MATCH = YES;
				COPY_PHASE_STRIP = NO;
				DEBUG_INFORMATION_FORMAT = dwarf;
				ENABLE_STRICT_OBJC_MSGSEND = YES;
				ENABLE_TESTABILITY = YES;
				GCC_C_LANGUAGE_STANDARD = gnu11;
				GCC_DYNAMIC_NO_PIC = NO;
				GCC_NO_COMMON_BLOCKS = YES;
				GCC_OPTIMIZATION_LEVEL = 0;
				GCC_PREPROCESSOR_DEFINITIONS = (
					"DEBUG=1",
					"$(inherited)",
				);
				GCC_WARN_64_TO_32_BIT_CONVERSION = YES;
				GCC_WARN_ABOUT_RETURN_TYPE = YES_ERROR;
				GCC_WARN_UNDECLARED_SELECTOR = YES;
				GCC_WARN_UNINITIALIZED_AUTOS = YES_AGGRESSIVE;
				GCC_WARN_UNUSED_FUNCTION = YES;
				GCC_WARN_UNUSED_VARIABLE = YES;
				IPHONEOS_DEPLOYMENT_TARGET = 13.2;
				MTL_ENABLE_DEBUG_INFO = INCLUDE_SOURCE;
				MTL_FAST_MATH = YES;
				ONLY_ACTIVE_ARCH = YES;
				SDKROOT = iphoneos;
				SWIFT_ACTIVE_COMPILATION_CONDITIONS = DEBUG;
				SWIFT_OPTIMIZATION_LEVEL = "-Onone";
			};
			name = Debug;
		};
		7D6FA72323EB9F8A005271C2 /* Release */ = {
			isa = XCBuildConfiguration;
			buildSettings = {
				ALWAYS_SEARCH_USER_PATHS = NO;
				CLANG_ANALYZER_NONNULL = YES;
				CLANG_ANALYZER_NUMBER_OBJECT_CONVERSION = YES_AGGRESSIVE;
				CLANG_CXX_LANGUAGE_STANDARD = "gnu++14";
				CLANG_CXX_LIBRARY = "libc++";
				CLANG_ENABLE_MODULES = YES;
				CLANG_ENABLE_OBJC_ARC = YES;
				CLANG_ENABLE_OBJC_WEAK = YES;
				CLANG_WARN_BLOCK_CAPTURE_AUTORELEASING = YES;
				CLANG_WARN_BOOL_CONVERSION = YES;
				CLANG_WARN_COMMA = YES;
				CLANG_WARN_CONSTANT_CONVERSION = YES;
				CLANG_WARN_DEPRECATED_OBJC_IMPLEMENTATIONS = YES;
				CLANG_WARN_DIRECT_OBJC_ISA_USAGE = YES_ERROR;
				CLANG_WARN_DOCUMENTATION_COMMENTS = YES;
				CLANG_WARN_EMPTY_BODY = YES;
				CLANG_WARN_ENUM_CONVERSION = YES;
				CLANG_WARN_INFINITE_RECURSION = YES;
				CLANG_WARN_INT_CONVERSION = YES;
				CLANG_WARN_NON_LITERAL_NULL_CONVERSION = YES;
				CLANG_WARN_OBJC_IMPLICIT_RETAIN_SELF = YES;
				CLANG_WARN_OBJC_LITERAL_CONVERSION = YES;
				CLANG_WARN_OBJC_ROOT_CLASS = YES_ERROR;
				CLANG_WARN_RANGE_LOOP_ANALYSIS = YES;
				CLANG_WARN_STRICT_PROTOTYPES = YES;
				CLANG_WARN_SUSPICIOUS_MOVE = YES;
				CLANG_WARN_UNGUARDED_AVAILABILITY = YES_AGGRESSIVE;
				CLANG_WARN_UNREACHABLE_CODE = YES;
				CLANG_WARN__DUPLICATE_METHOD_MATCH = YES;
				COPY_PHASE_STRIP = NO;
				DEBUG_INFORMATION_FORMAT = "dwarf-with-dsym";
				ENABLE_NS_ASSERTIONS = NO;
				ENABLE_STRICT_OBJC_MSGSEND = YES;
				GCC_C_LANGUAGE_STANDARD = gnu11;
				GCC_NO_COMMON_BLOCKS = YES;
				GCC_WARN_64_TO_32_BIT_CONVERSION = YES;
				GCC_WARN_ABOUT_RETURN_TYPE = YES_ERROR;
				GCC_WARN_UNDECLARED_SELECTOR = YES;
				GCC_WARN_UNINITIALIZED_AUTOS = YES_AGGRESSIVE;
				GCC_WARN_UNUSED_FUNCTION = YES;
				GCC_WARN_UNUSED_VARIABLE = YES;
				IPHONEOS_DEPLOYMENT_TARGET = 13.2;
				MTL_ENABLE_DEBUG_INFO = NO;
				MTL_FAST_MATH = YES;
				SDKROOT = iphoneos;
				SWIFT_COMPILATION_MODE = wholemodule;
				SWIFT_OPTIMIZATION_LEVEL = "-O";
				VALIDATE_PRODUCT = YES;
			};
			name = Release;
		};
		7D6FA72523EB9F8A005271C2 /* Debug */ = {
			isa = XCBuildConfiguration;
			buildSettings = {
				ASSETCATALOG_COMPILER_APPICON_NAME = AppIcon;
				CODE_SIGN_STYLE = Automatic;
				INFOPLIST_FILE = BMIcalc/Info.plist;
				LD_RUNPATH_SEARCH_PATHS = (
					"$(inherited)",
					"@executable_path/Frameworks",
				);
				PRODUCT_BUNDLE_IDENTIFIER = com.yoshihisa.BMIcalc;
				PRODUCT_NAME = "$(TARGET_NAME)";
				SWIFT_VERSION = 5.0;
				TARGETED_DEVICE_FAMILY = "1,2";
			};
			name = Debug;
		};
		7D6FA72623EB9F8A005271C2 /* Release */ = {
			isa = XCBuildConfiguration;
			buildSettings = {
				ASSETCATALOG_COMPILER_APPICON_NAME = AppIcon;
				CODE_SIGN_STYLE = Automatic;
				INFOPLIST_FILE = BMIcalc/Info.plist;
				LD_RUNPATH_SEARCH_PATHS = (
					"$(inherited)",
					"@executable_path/Frameworks",
				);
				PRODUCT_BUNDLE_IDENTIFIER = com.yoshihisa.BMIcalc;
				PRODUCT_NAME = "$(TARGET_NAME)";
				SWIFT_VERSION = 5.0;
				TARGETED_DEVICE_FAMILY = "1,2";
			};
			name = Release;
		};
		7D6FA72823EB9F8A005271C2 /* Debug */ = {
			isa = XCBuildConfiguration;
			buildSettings = {
				ALWAYS_EMBED_SWIFT_STANDARD_LIBRARIES = YES;
				BUNDLE_LOADER = "$(TEST_HOST)";
				CODE_SIGN_STYLE = Automatic;
				INFOPLIST_FILE = BMIcalcTests/Info.plist;
				IPHONEOS_DEPLOYMENT_TARGET = 13.2;
				LD_RUNPATH_SEARCH_PATHS = (
					"$(inherited)",
					"@executable_path/Frameworks",
					"@loader_path/Frameworks",
				);
				PRODUCT_BUNDLE_IDENTIFIER = com.yoshihisa.BMIcalcTests;
				PRODUCT_NAME = "$(TARGET_NAME)";
				SWIFT_VERSION = 5.0;
				TARGETED_DEVICE_FAMILY = "1,2";
				TEST_HOST = "$(BUILT_PRODUCTS_DIR)/BMIcalc.app/BMIcalc";
			};
			name = Debug;
		};
		7D6FA72923EB9F8A005271C2 /* Release */ = {
			isa = XCBuildConfiguration;
			buildSettings = {
				ALWAYS_EMBED_SWIFT_STANDARD_LIBRARIES = YES;
				BUNDLE_LOADER = "$(TEST_HOST)";
				CODE_SIGN_STYLE = Automatic;
				INFOPLIST_FILE = BMIcalcTests/Info.plist;
				IPHONEOS_DEPLOYMENT_TARGET = 13.2;
				LD_RUNPATH_SEARCH_PATHS = (
					"$(inherited)",
					"@executable_path/Frameworks",
					"@loader_path/Frameworks",
				);
				PRODUCT_BUNDLE_IDENTIFIER = com.yoshihisa.BMIcalcTests;
				PRODUCT_NAME = "$(TARGET_NAME)";
				SWIFT_VERSION = 5.0;
				TARGETED_DEVICE_FAMILY = "1,2";
				TEST_HOST = "$(BUILT_PRODUCTS_DIR)/BMIcalc.app/BMIcalc";
			};
			name = Release;
		};
		7D6FA72B23EB9F8A005271C2 /* Debug */ = {
			isa = XCBuildConfiguration;
			buildSettings = {
				ALWAYS_EMBED_SWIFT_STANDARD_LIBRARIES = YES;
				CODE_SIGN_STYLE = Automatic;
				INFOPLIST_FILE = BMIcalcUITests/Info.plist;
				LD_RUNPATH_SEARCH_PATHS = (
					"$(inherited)",
					"@executable_path/Frameworks",
					"@loader_path/Frameworks",
				);
				PRODUCT_BUNDLE_IDENTIFIER = com.yoshihisa.BMIcalcUITests;
				PRODUCT_NAME = "$(TARGET_NAME)";
				SWIFT_VERSION = 5.0;
				TARGETED_DEVICE_FAMILY = "1,2";
				TEST_TARGET_NAME = BMIcalc;
			};
			name = Debug;
		};
		7D6FA72C23EB9F8A005271C2 /* Release */ = {
			isa = XCBuildConfiguration;
			buildSettings = {
				ALWAYS_EMBED_SWIFT_STANDARD_LIBRARIES = YES;
				CODE_SIGN_STYLE = Automatic;
				INFOPLIST_FILE = BMIcalcUITests/Info.plist;
				LD_RUNPATH_SEARCH_PATHS = (
					"$(inherited)",
					"@executable_path/Frameworks",
					"@loader_path/Frameworks",
				);
				PRODUCT_BUNDLE_IDENTIFIER = com.yoshihisa.BMIcalcUITests;
				PRODUCT_NAME = "$(TARGET_NAME)";
				SWIFT_VERSION = 5.0;
				TARGETED_DEVICE_FAMILY = "1,2";
				TEST_TARGET_NAME = BMIcalc;
			};
			name = Release;
		};
/* End XCBuildConfiguration section */

/* Begin XCConfigurationList section */
		7D6FA6F523EB9F85005271C2 /* Build configuration list for PBXProject "BMIcalc" */ = {
			isa = XCConfigurationList;
			buildConfigurations = (
				7D6FA72223EB9F8A005271C2 /* Debug */,
				7D6FA72323EB9F8A005271C2 /* Release */,
			);
			defaultConfigurationIsVisible = 0;
			defaultConfigurationName = Release;
		};
		7D6FA72423EB9F8A005271C2 /* Build configuration list for PBXNativeTarget "BMIcalc" */ = {
			isa = XCConfigurationList;
			buildConfigurations = (
				7D6FA72523EB9F8A005271C2 /* Debug */,
				7D6FA72623EB9F8A005271C2 /* Release */,
			);
			defaultConfigurationIsVisible = 0;
			defaultConfigurationName = Release;
		};
		7D6FA72723EB9F8A005271C2 /* Build configuration list for PBXNativeTarget "BMIcalcTests" */ = {
			isa = XCConfigurationList;
			buildConfigurations = (
				7D6FA72823EB9F8A005271C2 /* Debug */,
				7D6FA72923EB9F8A005271C2 /* Release */,
			);
			defaultConfigurationIsVisible = 0;
			defaultConfigurationName = Release;
		};
		7D6FA72A23EB9F8A005271C2 /* Build configuration list for PBXNativeTarget "BMIcalcUITests" */ = {
			isa = XCConfigurationList;
			buildConfigurations = (
				7D6FA72B23EB9F8A005271C2 /* Debug */,
				7D6FA72C23EB9F8A005271C2 /* Release */,
			);
			defaultConfigurationIsVisible = 0;
			defaultConfigurationName = Release;
		};
/* End XCConfigurationList section */
	};
	rootObject = 7D6FA6F223EB9F85005271C2 /* Project object */;
}
